
Microsoft Visual Studio Solution File, Format Version 12.00
# Visual Studio Version 17
VisualStudioVersion = 17.8.34316.72
MinimumVisualStudioVersion = 10.0.40219.1
Project("{8BC9CEB8-8B4A-11D0-8D11-00A0C91BC942}") = "ChessProject", "ChessProject.vcxproj", "{84CB9F1B-785A-4709-AAE4-F4B53D7CAFAB}"
EndProject
Global
	GlobalSection(SolutionConfigurationPlatforms) = preSolution
		Debug|x64 = Debug|x64
		Debug|x86 = Debug|x86
		Release|x64 = Release|x64
		Release|x86 = Release|x86
	EndGlobalSection
	GlobalSection(ProjectConfigurationPlatforms) = postSolution
		{84CB9F1B-785A-4709-AAE4-F4B53D7CAFAB}.Debug|x64.ActiveCfg = Debug|x64
		{84CB9F1B-785A-4709-AAE4-F4B53D7CAFAB}.Debug|x64.Build.0 = Debug|x64
		{84CB9F1B-785A-4709-AAE4-F4B53D7CAFAB}.Debug|x86.ActiveCfg = Debug|Win32
		{84CB9F1B-785A-4709-AAE4-F4B53D7CAFAB}.Debug|x86.Build.0 = Debug|Win32
		{84CB9F1B-785A-4709-AAE4-F4B53D7CAFAB}.Release|x64.ActiveCfg = Release|x64
		{84CB9F1B-785A-4709-AAE4-F4B53D7CAFAB}.Release|x64.Build.0 = Release|x64
		{84CB9F1B-785A-4709-AAE4-F4B53D7CAFAB}.Release|x86.ActiveCfg = Release|Win32
		{84CB9F1B-785A-4709-AAE4-F4B53D7CAFAB}.Release|x86.Build.0 = Release|Win32
	EndGlobalSection
	GlobalSection(SolutionProperties) = preSolution
		HideSolutionNode = FALSE
	EndGlobalSection
	GlobalSection(ExtensibilityGlobals) = postSolution
		SolutionGuid = {398868AD-A8A4-404F-88C7-8CCD784D9A91}
	EndGlobalSection
EndGlobal
